
Microsoft Visual Studio Solution File, Format Version 12.00
# Visual Studio Version 17
VisualStudioVersion = 17.7.34024.191
MinimumVisualStudioVersion = 10.0.40219.1
Project("{9A19103F-16F7-4668-BE54-9A1E7A4F7556}") = "DataAccess", "DataAccess\DataAccess.csproj", "{C99D63DE-AB6B-46C4-909D-D537895C6E09}"
EndProject
Project("{9A19103F-16F7-4668-BE54-9A1E7A4F7556}") = "Entities", "Entities\Entities.csproj", "{86B04C25-90B1-4E5A-BC1A-3B16BC00E39A}"
EndProject
Project("{9A19103F-16F7-4668-BE54-9A1E7A4F7556}") = "Business", "Business\Business.csproj", "{8D7FEE94-1D19-415C-880B-8278BBD5132E}"
EndProject
Project("{FAE04EC0-301F-11D3-BF4B-00C04F79EFBC}") = "ConsoleUI", "ConsoleUI\ConsoleUI.csproj", "{3002F976-DE52-4269-9EE9-B5869DAF0D0F}"
EndProject
Global
	GlobalSection(SolutionConfigurationPlatforms) = preSolution
		Debug|Any CPU = Debug|Any CPU
		Release|Any CPU = Release|Any CPU
	EndGlobalSection
	GlobalSection(ProjectConfigurationPlatforms) = postSolution
		{C99D63DE-AB6B-46C4-909D-D537895C6E09}.Debug|Any CPU.ActiveCfg = Debug|Any CPU
		{C99D63DE-AB6B-46C4-909D-D537895C6E09}.Debug|Any CPU.Build.0 = Debug|Any CPU
		{C99D63DE-AB6B-46C4-909D-D537895C6E09}.Release|Any CPU.ActiveCfg = Release|Any CPU
		{C99D63DE-AB6B-46C4-909D-D537895C6E09}.Release|Any CPU.Build.0 = Release|Any CPU
		{86B04C25-90B1-4E5A-BC1A-3B16BC00E39A}.Debug|Any CPU.ActiveCfg = Debug|Any CPU
		{86B04C25-90B1-4E5A-BC1A-3B16BC00E39A}.Debug|Any CPU.Build.0 = Debug|Any CPU
		{86B04C25-90B1-4E5A-BC1A-3B16BC00E39A}.Release|Any CPU.ActiveCfg = Release|Any CPU
		{86B04C25-90B1-4E5A-BC1A-3B16BC00E39A}.Release|Any CPU.Build.0 = Release|Any CPU
		{8D7FEE94-1D19-415C-880B-8278BBD5132E}.Debug|Any CPU.ActiveCfg = Debug|Any CPU
		{8D7FEE94-1D19-415C-880B-8278BBD5132E}.Debug|Any CPU.Build.0 = Debug|Any CPU
		{8D7FEE94-1D19-415C-880B-8278BBD5132E}.Release|Any CPU.ActiveCfg = Release|Any CPU
		{8D7FEE94-1D19-415C-880B-8278BBD5132E}.Release|Any CPU.Build.0 = Release|Any CPU
		{3002F976-DE52-4269-9EE9-B5869DAF0D0F}.Debug|Any CPU.ActiveCfg = Debug|Any CPU
		{3002F976-DE52-4269-9EE9-B5869DAF0D0F}.Debug|Any CPU.Build.0 = Debug|Any CPU
		{3002F976-DE52-4269-9EE9-B5869DAF0D0F}.Release|Any CPU.ActiveCfg = Release|Any CPU
		{3002F976-DE52-4269-9EE9-B5869DAF0D0F}.Release|Any CPU.Build.0 = Release|Any CPU
	EndGlobalSection
	GlobalSection(SolutionProperties) = preSolution
		HideSolutionNode = FALSE
	EndGlobalSection
	GlobalSection(ExtensibilityGlobals) = postSolution
		SolutionGuid = {4CE18408-2403-4DFE-B0C7-2CDC55A8CEF9}
	EndGlobalSection
EndGlobal
